
Microsoft Visual Studio Solution File, Format Version 12.00
# Visual Studio Version 17
VisualStudioVersion = 17.11.35312.102
MinimumVisualStudioVersion = 10.0.40219.1
Project("{FAE04EC0-301F-11D3-BF4B-00C04F79EFBC}") = "口算生成", "口算生成.csproj", "{8F25D6FD-3396-4640-86B6-7BC2F9FDB764}"
EndProject
Global
	GlobalSection(SolutionConfigurationPlatforms) = preSolution
		Debug|Any CPU = Debug|Any CPU
		Release|Any CPU = Release|Any CPU
	EndGlobalSection
	GlobalSection(ProjectConfigurationPlatforms) = postSolution
		{8F25D6FD-3396-4640-86B6-7BC2F9FDB764}.Debug|Any CPU.ActiveCfg = Debug|Any CPU
		{8F25D6FD-3396-4640-86B6-7BC2F9FDB764}.Debug|Any CPU.Build.0 = Debug|Any CPU
		{8F25D6FD-3396-4640-86B6-7BC2F9FDB764}.Release|Any CPU.ActiveCfg = Release|Any CPU
		{8F25D6FD-3396-4640-86B6-7BC2F9FDB764}.Release|Any CPU.Build.0 = Release|Any CPU
	EndGlobalSection
	GlobalSection(SolutionProperties) = preSolution
		HideSolutionNode = FALSE
	EndGlobalSection
	GlobalSection(ExtensibilityGlobals) = postSolution
		SolutionGuid = {AAB416D8-02BA-43A3-95CD-745B769D184B}
	EndGlobalSection
EndGlobal
